
Microsoft Visual Studio Solution File, Format Version 12.00
# Visual Studio 15
VisualStudioVersion = 15.0.26228.4
MinimumVisualStudioVersion = 10.0.40219.1
Project("{F2A71F9B-5D33-465A-A702-920D77279786}") = "Exam 22-4-2016 Practise", "Exam 22-4-2016 Practise\Exam 22-4-2016 Practise.fsproj", "{065A2749-ED2C-491A-ACD1-D2B640F222B2}"
EndProject
Global
	GlobalSection(SolutionConfigurationPlatforms) = preSolution
		Debug|Any CPU = Debug|Any CPU
		Release|Any CPU = Release|Any CPU
	EndGlobalSection
	GlobalSection(ProjectConfigurationPlatforms) = postSolution
		{065A2749-ED2C-491A-ACD1-D2B640F222B2}.Debug|Any CPU.ActiveCfg = Debug|Any CPU
		{065A2749-ED2C-491A-ACD1-D2B640F222B2}.Debug|Any CPU.Build.0 = Debug|Any CPU
		{065A2749-ED2C-491A-ACD1-D2B640F222B2}.Release|Any CPU.ActiveCfg = Release|Any CPU
		{065A2749-ED2C-491A-ACD1-D2B640F222B2}.Release|Any CPU.Build.0 = Release|Any CPU
	EndGlobalSection
	GlobalSection(SolutionProperties) = preSolution
		HideSolutionNode = FALSE
	EndGlobalSection
EndGlobal
